
Microsoft Visual Studio Solution File, Format Version 12.00
# Visual Studio 15
VisualStudioVersion = 15.0.28307.136
MinimumVisualStudioVersion = 10.0.40219.1
Project("{8BC9CEB8-8B4A-11D0-8D11-00A0C91BC942}") = "C-chapter03-01", "C-chapter03-01\C-chapter03-01.vcxproj", "{1F65D64D-541B-46E0-92BF-6F725F904288}"
EndProject
Global
	GlobalSection(SolutionConfigurationPlatforms) = preSolution
		Debug|x64 = Debug|x64
		Debug|x86 = Debug|x86
		Release|x64 = Release|x64
		Release|x86 = Release|x86
	EndGlobalSection
	GlobalSection(ProjectConfigurationPlatforms) = postSolution
		{1F65D64D-541B-46E0-92BF-6F725F904288}.Debug|x64.ActiveCfg = Debug|x64
		{1F65D64D-541B-46E0-92BF-6F725F904288}.Debug|x64.Build.0 = Debug|x64
		{1F65D64D-541B-46E0-92BF-6F725F904288}.Debug|x86.ActiveCfg = Debug|Win32
		{1F65D64D-541B-46E0-92BF-6F725F904288}.Debug|x86.Build.0 = Debug|Win32
		{1F65D64D-541B-46E0-92BF-6F725F904288}.Release|x64.ActiveCfg = Release|x64
		{1F65D64D-541B-46E0-92BF-6F725F904288}.Release|x64.Build.0 = Release|x64
		{1F65D64D-541B-46E0-92BF-6F725F904288}.Release|x86.ActiveCfg = Release|Win32
		{1F65D64D-541B-46E0-92BF-6F725F904288}.Release|x86.Build.0 = Release|Win32
	EndGlobalSection
	GlobalSection(SolutionProperties) = preSolution
		HideSolutionNode = FALSE
	EndGlobalSection
	GlobalSection(ExtensibilityGlobals) = postSolution
		SolutionGuid = {A5513BCE-E5BF-4A66-AFB0-4B02AE6B1FDC}
	EndGlobalSection
EndGlobal
